<?xml version="1.0" encoding="utf-8"?>
<Project ToolsVersion="4.0" xmlns="http://schemas.microsoft.com/developer/msbuild/2003">
  <ItemGroup>
    <Filter Include="Source Files">
      <UniqueIdentifier>{4FC737F1-C7A5-4376-A066-2A32D752A2FF}</UniqueIdentifier>
      <Extensions>cpp;c;cc;cxx;c++;cppm;ixx;def;odl;idl;hpj;bat;asm;asmx</Extensions>
    </Filter>
    <Filter Include="Header Files">
      <UniqueIdentifier>{93995380-89BD-4b04-88EB-625FBE52EBFB}</UniqueIdentifier>
      <Extensions>h;hh;hpp;hxx;h++;hm;inl;inc;ipp;xsd</Extensions>
    </Filter>
    <Filter Include="Resource Files">
      <UniqueIdentifier>{67DA6AB6-F800-4c08-8B7A-83BB121AAD01}</UniqueIdentifier>
      <Extensions>rc;ico;cur;bmp;dlg;rc2;rct;bin;rgs;gif;jpg;jpeg;jpe;resx;tiff;tif;png;wav;mfcribbon-ms</Extensions>
    </Filter>
    <Filter Include="Header Files\MergeSortV2">
      <UniqueIdentifier>{d6fc776c-d65e-4206-829a-fe67f6aacca8}</UniqueIdentifier>
    </Filter>
    <Filter Include="Header Files\MergeSortV1">
      <UniqueIdentifier>{32a2f718-96f7-45de-8483-5f7af675bce7}</UniqueIdentifier>
    </Filter>
  </ItemGroup>
  <ItemGroup>
    <ClCompile Include="Main.cpp">
      <Filter>Source Files</Filter>
    </ClCompile>
    <ClCompile Include="MergeSortV1.cpp">
      <Filter>Header Files\MergeSortV1</Filter>
    </ClCompile>
    <ClCompile Include="MergeSortV2.cpp">
      <Filter>Header Files\MergeSortV2</Filter>
    </ClCompile>
  </ItemGroup>
  <ItemGroup>
    <ClInclude Include="MergeSortV1.hpp">
      <Filter>Header Files\MergeSortV1</Filter>
    </ClInclude>
    <ClInclude Include="MergeSortV2.hpp">
      <Filter>Header Files\MergeSortV2</Filter>
    </ClInclude>
  </ItemGroup>
</Project>